lockfileVersion: '9.0'

settings:
  autoInstallPeers: true
  excludeLinksFromLockfile: false

catalogs:
  common:
    '@vueuse/core':
      specifier: 11.1.0
      version: 11.1.0
    '@vueuse/nuxt':
      specifier: 11.1.0
      version: 11.1.0
    pinia:
      specifier: 2.2.4
      version: 2.2.4
    vue:
      specifier: 3.5.12
      version: 3.5.12
  commonDev:
    '@iconify-json/line-md':
      specifier: 1.2.2
      version: 1.2.2
    '@iconify-json/mdi':
      specifier: 1.2.1
      version: 1.2.1
    '@nuxt/eslint':
      specifier: 0.6.0
      version: 0.6.0
    '@nuxt/test-utils':
      specifier: 3.14.4
      version: 3.14.4
    '@pinia/nuxt':
      specifier: 0.5.5
      version: 0.5.5
    '@unocss/core':
      specifier: 0.63.6
      version: 0.63.6
    '@unocss/nuxt':
      specifier: 0.63.6
      version: 0.63.6
    '@unocss/preset-icons':
      specifier: 0.63.6
      version: 0.63.6
    '@unocss/preset-wind':
      specifier: 0.63.6
      version: 0.63.6
    '@vitest/coverage-v8':
      specifier: 2.1.3
      version: 2.1.3
    '@vue/test-utils':
      specifier: 2.4.6
      version: 2.4.6
    eslint:
      specifier: 9.13.0
      version: 9.13.0
    happy-dom:
      specifier: 15.7.4
      version: 15.7.4
    nuxt:
      specifier: 3.13.2
      version: 3.13.2
    typescript:
      specifier: 5.6.3
      version: 5.6.3
    unocss:
      specifier: 0.63.6
      version: 0.63.6
    vite-plugin-eslint2:
      specifier: 5.0.1
      version: 5.0.1
    vitest:
      specifier: 2.1.3
      version: 2.1.3
    vue-tsc:
      specifier: 2.1.6
      version: 2.1.6

pnpmfileChecksum: foqrp6rngctql4jdf3k5jk7fnu

importers:

  .:
    dependencies:
      '@vueuse/core':
        specifier: catalog:common
        version: 11.1.0
      '@vueuse/nuxt':
        specifier: catalog:common
        version: 11.1.0
      pinia:
        specifier: catalog:common
        version: 2.2.4
      vue:
        specifier: catalog:common
        version: 3.5.12
    devDependencies:
      '@iconify-json/line-md':
        specifier: catalog:commonDev
        version: 1.2.2
      '@iconify-json/mdi':
        specifier: catalog:commonDev
        version: 1.2.1
      '@nuxt/eslint':
        specifier: catalog:commonDev
        version: 0.6.0
      '@nuxt/test-utils':
        specifier: catalog:commonDev
        version: 3.14.4
      '@pinia/nuxt':
        specifier: catalog:commonDev
        version: 0.5.5
      '@unocss/core':
        specifier: catalog:commonDev
        version: 0.63.6
      '@unocss/nuxt':
        specifier: catalog:commonDev
        version: 0.63.6
      '@unocss/preset-icons':
        specifier: catalog:commonDev
        version: 0.63.6
      '@unocss/preset-wind':
        specifier: catalog:commonDev
        version: 0.63.6
      '@vitest/coverage-v8':
        specifier: catalog:commonDev
        version: 2.1.3
      '@vue/test-utils':
        specifier: catalog:commonDev
        version: 2.4.6
      eslint:
        specifier: catalog:commonDev
        version: 9.13.0
      happy-dom:
        specifier: catalog:commonDev
        version: 15.7.4
      nuxt:
        specifier: catalog:commonDev
        version: 3.13.2
      typescript:
        specifier: catalog:commonDev
        version: 5.6.3
      unocss:
        specifier: catalog:commonDev
        version: 0.63.6
      vite-plugin-eslint2:
        specifier: catalog:commonDev
        version: 5.0.1
      vitest:
        specifier: catalog:commonDev
        version: 2.1.3
      vue-tsc:
        specifier: catalog:commonDev
        version: 2.1.6

packages:

  '@iconify-json/line-md@1.2.2':
    resolution: {integrity: sha512-UCYTTO5aARoVbOOPCaomOoXDC8maSolIV8KVDmK9VuzfjpqkMg/vJo/nWaoQPIf310SZjdvAqHvIwsbzr6J+sw==}

  '@iconify-json/mdi@1.2.1':
    resolution: {integrity: sha512-dSkQU78gsZV6Yxnq78+LuX7jzeFC/5NAmz7O3rh558GimGFcwMVY/OtqRowIzjqJBmMmWZft7wkFV4TrwRXjlg==}

  '@nuxt/eslint@0.6.0':
    resolution: {integrity: sha512-Fk/GERGjHVCBi3xKAusxpb12i1PrUI/N6fepSmHKDA815Kh8fUYPvh0yZFI6b5os6f1RlYEZpSjFu5S4TplDMw==}

  '@nuxt/test-utils@3.14.4':
    resolution: {integrity: sha512-1rSYMXjN651t+c8zSaPAoP78YE1WVcI3baPC2cic9my+J5FIsT1IuTU6M9XwDFBUnwGL6/sV5pPsyEumkIl3eA==}

  '@pinia/nuxt@0.5.5':
    resolution: {integrity: sha512-wjxS7YqIesh4OLK+qE3ZjhdOJ5pYZQ+VlEmZNtTwzQn1Kavei/khovx7mzXVXNA/mvSPXVhb9xBzhyS3XMURtw==}

  '@unocss/core@0.63.6':
    resolution: {integrity: sha512-Q4QPgJ271Up89+vIqqOKgtdCKkFpHqvHN8W1LUlKPqtYnOvVYaOIVNAZowaIdEhPuc83yLc6Tg2+7riK18QKEw==}

  '@unocss/nuxt@0.63.6':
    resolution: {integrity: sha512-AeudOQBgWD3OeP6t8pznfhBH0sJFWJjIX4aCljAcRKpCyDASGQvxpGi1xnSsorhy6+26Q5Fdzl2QGW8e3dbG5A==}

  '@unocss/preset-icons@0.63.6':
    resolution: {integrity: sha512-fRU44wXABnMPT/9zhKBNSUeDJlOxJhUJP9W3FSRnc+ktjAifJIj0xpUKtEqxL46QMq825Bsj2yDSquzP+XYGnQ==}

  '@unocss/preset-wind@0.63.6':
    resolution: {integrity: sha512-W3oZ2TXSqStNE+X++kcspRTF2Szu2ej6NW5Kiyy6WQn/+ZD77AF4VtvzHtzFVZ2QKpEIovGBpU5tywooHbB7hw==}

  '@vitest/coverage-v8@2.1.3':
    resolution: {integrity: sha512-2OJ3c7UPoFSmBZwqD2VEkUw6A/tzPF0LmW0ZZhhB8PFxuc+9IBG/FaSM+RLEenc7ljzFvGN+G0nGQoZnh7sy2A==}

  '@vue/test-utils@2.4.6':
    resolution: {integrity: sha512-FMxEjOpYNYiFe0GkaHsnJPXFHxQ6m4t8vI/ElPGpMWxZKpmRvQ33OIrvRXemy6yha03RxhOlQuy+gZMC3CQSow==}

  '@vueuse/core@11.1.0':
    resolution: {integrity: sha512-P6dk79QYA6sKQnghrUz/1tHi0n9mrb/iO1WTMk/ElLmTyNqgDeSZ3wcDf6fRBGzRJbeG1dxzEOvLENMjr+E3fg==}

  '@vueuse/nuxt@11.1.0':
    resolution: {integrity: sha512-ZPYigcqgPPe9vk9nBHLF8p0zshX8qvWV/ox1Y4GdV4k2flPiw7+2THNTpU2NZDBXSOXlhB2sao+paGCsvJm/Qw==}

  eslint@9.13.0:
    resolution: {integrity: sha512-EYZK6SX6zjFHST/HRytOdA/zE72Cq/bfw45LSyuwrdvcclb/gqV8RRQxywOBEWO2+WDpva6UZa4CcDeJKzUCFA==}

  happy-dom@15.7.4:
    resolution: {integrity: sha512-r1vadDYGMtsHAAsqhDuk4IpPvr6N8MGKy5ntBo7tSdim+pWDxus2PNqOcOt8LuDZ4t3KJHE+gCuzupcx/GKnyQ==}

  nuxt@3.13.2:
    resolution: {integrity: sha512-Bjc2qRsipfBhjXsBEJCN+EUAukhdgFv/KoIR5HFB2hZOYRSqXBod3oWQs78k3ja1nlIhAEdBG533898KJxUtJw==}

  pinia@2.2.4:
    resolution: {integrity: sha512-K7ZhpMY9iJ9ShTC0cR2+PnxdQRuwVIsXDO/WIEV/RnMC/vmSoKDTKW/exNQYPI+4ij10UjXqdNiEHwn47McANQ==}

  typescript@5.6.3:
    resolution: {integrity: sha512-hjcS1mhfuyi4WW8IWtjP7brDrG2cuDZukyrYrSauoXGNgx0S7zceP07adYkJycEr56BOUTNPzbInooiN3fn1qw==}

  unocss@0.63.6:
    resolution: {integrity: sha512-OKJJKEFWVz+Lsf3JdOgRiRtL+QOUQRBov89taUcCPFPZtrhP6pPVFCZHD9qMvY4IChMX7dzalQax3ZXJ3hbtkQ==}

  vite-plugin-eslint2@5.0.1:
    resolution: {integrity: sha512-Pr/Df4mpYtKoYOFMRQonoDE/SH56ah2cbtjyQmRveh+Wz2pgk/RfTM3ApZ6xrAEpmIyBctfy5JoBmcWmikKTlg==}

  vitest@2.1.3:
    resolution: {integrity: sha512-Zrxbg/WiIvUP2uEzelDNTXmEMJXuzJ1kCpbDvaKByFA9MNeO95V+7r/3ti0qzJzrxdyuUw5VduN7k+D3VmVOSA==}

  vue-tsc@2.1.6:
    resolution: {integrity: sha512-f98dyZp5FOukcYmbFpuSCJ4Z0vHSOSmxGttZJCsFeX0M4w/Rsq0s4uKXjcSRsZqsRgQa6z7SfuO+y0HVICE57Q==}

  vue@3.5.12:
    resolution: {integrity: sha512-CLVZtXtn2ItBIi/zHZ0Sg1Xkb7+PU32bJJ8Bmy7ts3jxXTcbfsEfBivFYYWz1Hur+lalqGAh65Coin0r+HRUfg==}

snapshots:

  '@iconify-json/line-md@1.2.2': {}

  '@iconify-json/mdi@1.2.1': {}

  '@nuxt/eslint@0.6.0': {}

  '@nuxt/test-utils@3.14.4': {}

  '@pinia/nuxt@0.5.5': {}

  '@unocss/core@0.63.6': {}

  '@unocss/nuxt@0.63.6': {}

  '@unocss/preset-icons@0.63.6': {}

  '@unocss/preset-wind@0.63.6': {}

  '@vitest/coverage-v8@2.1.3': {}

  '@vue/test-utils@2.4.6': {}

  '@vueuse/core@11.1.0': {}

  '@vueuse/nuxt@11.1.0': {}

  eslint@9.13.0: {}

  happy-dom@15.7.4: {}

  nuxt@3.13.2: {}

  pinia@2.2.4: {}

  typescript@5.6.3: {}

  unocss@0.63.6: {}

  vite-plugin-eslint2@5.0.1: {}

  vitest@2.1.3: {}

  vue-tsc@2.1.6: {}

  vue@3.5.12: {}
